{
  "nodes": {
    "dolphin-overlay": {
      "inputs": {
        "nixpkgs": "nixpkgs"
      },
      "locked": {
        "lastModified": 1781450544,
        "narHash": "sha256-2zUyvozxbMl/GLaQZGpJ/Bu0dS8JfbLuEy0zF4fg3wU=",
        "owner": "rumboon",
        "repo": "dolphin-overlay",
        "rev": "65dd612c8d72d4cf5cb0eb4d9188ed7a16a042dd",
        "type": "github"
      },
      "original": {
        "owner": "rumboon",
        "repo": "dolphin-overlay",
        "type": "github"
      }
    },
    "flake-utils": {
      "inputs": {
        "systems": "systems"
      },
      "locked": {
        "lastModified": 1731533236,
        "narHash": "sha256-l0KFg5HjrsfsO/JpG+r7fRrqm12kzFHyUHqHCVpMMbI=",
        "owner": "numtide",
        "repo": "flake-utils",
        "rev": "11707dc2f618dd54ca8739b309ec4fc024de578b",
        "type": "github"
      },
      "original": {
        "owner": "numtide",
        "repo": "flake-utils",
        "type": "github"
      }
    },
    "home-manager": {
      "inputs": {
        "nixpkgs": [
          "nixpkgs"
        ]
      },
      "locked": {
        "lastModified": 1783744526,
        "narHash": "sha256-yYVxW+uIbCx0Nt870fbErQbz+b2+3Gwpppe+JbIU+Co=",
        "owner": "nix-community",
        "repo": "home-manager",
        "rev": "2afec152df4e284d264f8489d16004c264aebf4c",
        "type": "github"
      },
      "original": {
        "owner": "nix-community",
        "repo": "home-manager",
        "type": "github"
      }
    },
    "home-manager_2": {
      "inputs": {
        "nixpkgs": [
          "zen-browser",
          "nixpkgs"
        ]
      },
      "locked": {
        "lastModified": 1782839684,
        "narHash": "sha256-vzs4SBgPsK4aNzlJR2PpFwtARazXMOxZonQnDz0YHxk=",
        "owner": "nix-community",
        "repo": "home-manager",
        "rev": "2a37d71bbe69e1522ddabf03a4cea0374958bdbe",
        "type": "github"
      },
      "original": {
        "owner": "nix-community",
        "repo": "home-manager",
        "type": "github"
      }
    },
    "iridium": {
      "inputs": {
        "nixpkgs": [
          "nixpkgs"
        ]
      },
      "locked": {
        "lastModified": 1783939439,
        "narHash": "sha256-+74hLRQUygieint/Nji67MR3J68lOgJtDYkggUpqJCQ=",
        "owner": "zinetin",
        "repo": "iridium",
        "rev": "179c6dd79f5d8b8c7aa70a7e3a933d5b68c90da9",
        "type": "github"
      },
      "original": {
        "owner": "zinetin",
        "repo": "iridium",
        "type": "github"
      }
    },
    "nix-flatpak": {
      "locked": {
        "lastModified": 1767983141,
        "narHash": "sha256-7ZCulYUD9RmJIDULTRkGLSW1faMpDlPKcbWJLYHoXcs=",
        "owner": "gmodena",
        "repo": "nix-flatpak",
        "rev": "440818969ac2cbd77bfe025e884d0aa528991374",
        "type": "github"
      },
      "original": {
        "owner": "gmodena",
        "ref": "latest",
        "repo": "nix-flatpak",
        "type": "github"
      }
    },
    "nix4nvchad": {
      "inputs": {
        "flake-utils": "flake-utils",
        "nixpkgs": [
          "nixpkgs"
        ],
        "nvchad-starter": "nvchad-starter"
      },
      "locked": {
        "lastModified": 1783219716,
        "narHash": "sha256-zghUlZ2ktV+WM+KFypPpxM8dqNgQFhwQohyaei7nE4w=",
        "owner": "nix-community",
        "repo": "nix4nvchad",
        "rev": "4273259c390e4100d12d98fb8aafc421c5e50625",
        "type": "github"
      },
      "original": {
        "owner": "nix-community",
        "repo": "nix4nvchad",
        "type": "github"
      }
    },
    "nixpkgs": {
      "locked": {
        "lastModified": 1743890059,
        "narHash": "sha256-QQLhHHGNtAW8qRpseb40zqZlhZUeRRUg2SGmXjfE+so=",
        "owner": "NixOS",
        "repo": "nixpkgs",
        "rev": "58a813438464b5295170efe38d8bd5f40fcc1d23",
        "type": "github"
      },
      "original": {
        "owner": "NixOS",
        "repo": "nixpkgs",
        "type": "github"
      }
    },
    "nixpkgs_2": {
      "locked": {
        "lastModified": 1783522502,
        "narHash": "sha256-iffAls3iaNTyJC2faYcUXSI+Gp02cDjYl+MygxKl2GI=",
        "owner": "nixos",
        "repo": "nixpkgs",
        "rev": "0bb7ec54c8483066ec9d7720e780a5caa71f8612",
        "type": "github"
      },
      "original": {
        "owner": "nixos",
        "ref": "nixos-unstable",
        "repo": "nixpkgs",
        "type": "github"
      }
    },
    "nvchad-starter": {
      "flake": false,
      "locked": {
        "lastModified": 1753939018,
        "narHash": "sha256-xdLr6tlU9uA+wu0pqha2br0fdVm+1MjgjbB5awz9ICU=",
        "owner": "NvChad",
        "repo": "starter",
        "rev": "e3572e1f5e1c297212c3deeb17b7863139ce663e",
        "type": "github"
      },
      "original": {
        "owner": "NvChad",
        "ref": "main",
        "repo": "starter",
        "type": "github"
      }
    },
    "root": {
      "inputs": {
        "dolphin-overlay": "dolphin-overlay",
        "home-manager": "home-manager",
        "iridium": "iridium",
        "nix-flatpak": "nix-flatpak",
        "nix4nvchad": "nix4nvchad",
        "nixpkgs": "nixpkgs_2",
        "zen-browser": "zen-browser"
      }
    },
    "systems": {
      "locked": {
        "lastModified": 1681028828,
        "narHash": "sha256-Vy1rq5AaRuLzOxct8nz4T6wlgyUR7zLU309k9mBC768=",
        "owner": "nix-systems",
        "repo": "default",
        "rev": "da67096a3b9bf56a91d16901293e51ba5b49a27e",
        "type": "github"
      },
      "original": {
        "owner": "nix-systems",
        "repo": "default",
        "type": "github"
      }
    },
    "zen-browser": {
      "inputs": {
        "home-manager": "home-manager_2",
        "nixpkgs": [
          "nixpkgs"
        ]
      },
      "locked": {
        "lastModified": 1783668941,
        "narHash": "sha256-KFnepHImqltAzpJZ8sh8i3qzC1NRVNQX3WBVoD5oBRM=",
        "owner": "0xc000022070",
        "repo": "zen-browser-flake",
        "rev": "71e156423dae9496d7fd9e89029a1a82516fb9d8",
        "type": "github"
      },
      "original": {
        "owner": "0xc000022070",
        "repo": "zen-browser-flake",
        "type": "github"
      }
    }
  },
  "root": "root",
  "version": 7
}
