{
  "nodes": {
    "dolphin-overlay": {
      "inputs": {
        "nixpkgs": "nixpkgs"
      },
      "locked": {
        "lastModified": 1781450544,
        "narHash": "sha256-2zUyvozxbMl/GLaQZGpJ/Bu0dS8JfbLuEy0zF4fg3wU=",
        "owner": "rumboon",
        "repo": "dolphin-overlay",
        "rev": "65dd612c8d72d4cf5cb0eb4d9188ed7a16a042dd",
        "type": "github"
      },
      "original": {
        "owner": "rumboon",
        "repo": "dolphin-overlay",
        "type": "github"
      }
    },
    "flake-compat": {
      "flake": false,
      "locked": {
        "lastModified": 1767039857,
        "narHash": "sha256-vNpUSpF5Nuw8xvDLj2KCwwksIbjua2LZCqhV1LNRDns=",
        "owner": "edolstra",
        "repo": "flake-compat",
        "rev": "5edf11c44bc78a0d334f6334cdaf7d60d732daab",
        "type": "github"
      },
      "original": {
        "owner": "edolstra",
        "repo": "flake-compat",
        "type": "github"
      }
    },
    "home-manager": {
      "inputs": {
        "nixpkgs": [
          "nixpkgs"
        ]
      },
      "locked": {
        "lastModified": 1790359331,
        "narHash": "sha256-Obs1m3Rs5rTEWjZlOLSJYYAv7nEqQgogSMgWtOv8JBI=",
        "owner": "nix-community",
        "repo": "home-manager",
        "rev": "6fa0edfe6a025d4d98f44a6c0d704d690dce3378",
        "type": "github"
      },
      "original": {
        "owner": "nix-community",
        "repo": "home-manager",
        "type": "github"
      }
    },
    "home-manager_2": {
      "inputs": {
        "nixpkgs": [
          "zen-browser",
          "nixpkgs"
        ]
      },
      "locked": {
        "lastModified": 1789430117,
        "narHash": "sha256-t+U1mijItLJ64xZOifpfQ17kpAL73nU7pDI48ScacVc=",
        "owner": "nix-community",
        "repo": "home-manager",
        "rev": "cda90fd8838825c689fde9d3f3b4e937937790df",
        "type": "github"
      },
      "original": {
        "owner": "nix-community",
        "repo": "home-manager",
        "type": "github"
      }
    },
    "iridium": {
      "inputs": {
        "nixpkgs": [
          "nixpkgs"
        ],
        "wallpapers": "wallpapers"
      },
      "locked": {
        "lastModified": 1789910906,
        "narHash": "sha256-7gExCUOJxEmmRsKn3TNXy7/KRfDeMH/0VcYaTe7cXFs=",
        "owner": "zinetin",
        "repo": "iridium",
        "rev": "f48f377883496ae691b84dae71aabb22534dc53b",
        "type": "github"
      },
      "original": {
        "owner": "zinetin",
        "repo": "iridium",
        "type": "github"
      }
    },
    "nix-flatpak": {
      "locked": {
        "lastModified": 1767983141,
        "narHash": "sha256-7ZCulYUD9RmJIDULTRkGLSW1faMpDlPKcbWJLYHoXcs=",
        "owner": "gmodena",
        "repo": "nix-flatpak",
        "rev": "440818969ac2cbd77bfe025e884d0aa528991374",
        "type": "github"
      },
      "original": {
        "owner": "gmodena",
        "ref": "latest",
        "repo": "nix-flatpak",
        "type": "github"
      }
    },
    "nix4nvchad": {
      "inputs": {
        "nixpkgs": [
          "nixpkgs"
        ],
        "nvchad-starter": "nvchad-starter"
      },
      "locked": {
        "lastModified": 1790046371,
        "narHash": "sha256-j1q/Bx89d5PM7CRBqdV1RDvmTwwfAqIBEthXg39pUWE=",
        "owner": "nix-community",
        "repo": "nix4nvchad",
        "rev": "706a5c7d9fb40395c9c4805a0316ab32622beb36",
        "type": "github"
      },
      "original": {
        "owner": "nix-community",
        "repo": "nix4nvchad",
        "type": "github"
      }
    },
    "nixos-wsl": {
      "inputs": {
        "flake-compat": "flake-compat",
        "nixpkgs": "nixpkgs_2"
      },
      "locked": {
        "lastModified": 1789164534,
        "narHash": "sha256-DoYGPM6QpnYBLWj9gGw6ZwAzIX+HrAVov1BoT+8Jixo=",
        "owner": "nix-community",
        "repo": "NixOS-WSL",
        "rev": "72c92b11bb8289e6651c7fef29cc0a885fd6a255",
        "type": "github"
      },
      "original": {
        "owner": "nix-community",
        "repo": "NixOS-WSL",
        "type": "github"
      }
    },
    "nixpkgs": {
      "locked": {
        "lastModified": 1743890059,
        "narHash": "sha256-QQLhHHGNtAW8qRpseb40zqZlhZUeRRUg2SGmXjfE+so=",
        "owner": "NixOS",
        "repo": "nixpkgs",
        "rev": "58a813438464b5295170efe38d8bd5f40fcc1d23",
        "type": "github"
      },
      "original": {
        "owner": "NixOS",
        "repo": "nixpkgs",
        "type": "github"
      }
    },
    "nixpkgs_2": {
      "locked": {
        "lastModified": 1789006805,
        "narHash": "sha256-xB8mKMOx1IA9vTDNLmJZ6n4wCMq/cuWBBOzGCRnqxrU=",
        "owner": "NixOS",
        "repo": "nixpkgs",
        "rev": "8ce4ef6cb6f871616146b9fe26d2a5ae594e94fe",
        "type": "github"
      },
      "original": {
        "owner": "NixOS",
        "ref": "nixos-unstable",
        "repo": "nixpkgs",
        "type": "github"
      }
    },
    "nixpkgs_3": {
      "locked": {
        "lastModified": 1790185690,
        "narHash": "sha256-xJ+X4hBtOcAFGBOe5nAMyMUeF9foJBmIOu3NjBqBycU=",
        "owner": "nixos",
        "repo": "nixpkgs",
        "rev": "4975466d324710c576dc11ad614684e6bd8cad8e",
        "type": "github"
      },
      "original": {
        "owner": "nixos",
        "ref": "nixos-unstable",
        "repo": "nixpkgs",
        "type": "github"
      }
    },
    "nvchad-starter": {
      "flake": false,
      "locked": {
        "lastModified": 1753939018,
        "narHash": "sha256-xdLr6tlU9uA+wu0pqha2br0fdVm+1MjgjbB5awz9ICU=",
        "owner": "NvChad",
        "repo": "starter",
        "rev": "e3572e1f5e1c297212c3deeb17b7863139ce663e",
        "type": "github"
      },
      "original": {
        "owner": "NvChad",
        "ref": "main",
        "repo": "starter",
        "type": "github"
      }
    },
    "root": {
      "inputs": {
        "dolphin-overlay": "dolphin-overlay",
        "home-manager": "home-manager",
        "iridium": "iridium",
        "nix-flatpak": "nix-flatpak",
        "nix4nvchad": "nix4nvchad",
        "nixos-wsl": "nixos-wsl",
        "nixpkgs": "nixpkgs_3",
        "zen-browser": "zen-browser"
      }
    },
    "wallpapers": {
      "locked": {
        "lastModified": 1789813029,
        "narHash": "sha256-VzS3ulNaE/aSG1wvb/KUg/IspdnPDNP84V7+FTat6ZQ=",
        "owner": "zinetin",
        "repo": "wallpapers",
        "rev": "c5e44a410166002100885037892604049869359a",
        "type": "github"
      },
      "original": {
        "owner": "zinetin",
        "repo": "wallpapers",
        "type": "github"
      }
    },
    "zen-browser": {
      "inputs": {
        "home-manager": "home-manager_2",
        "nixpkgs": [
          "nixpkgs"
        ]
      },
      "locked": {
        "lastModified": 1790234305,
        "narHash": "sha256-zgshjjI5uhmRQor+bmXH4EYx/E0LUdJEqv0L8WnTFOw=",
        "owner": "0xc000022070",
        "repo": "zen-browser-flake",
        "rev": "2b7fec6557495d97736f1b31904f79312671ca2a",
        "type": "github"
      },
      "original": {
        "owner": "0xc000022070",
        "repo": "zen-browser-flake",
        "type": "github"
      }
    }
  },
  "root": "root",
  "version": 7
}
